<?xml version="1.0" encoding="utf-8"?>
<Project xmlns="http://schemas.microsoft.com/developer/msbuild/2003">
  <ItemGroup>
    <Filter Include="Form Files">
      <UniqueIdentifier>{99349809-55BA-4b9d-BF79-8FDBB0286EB3}</UniqueIdentifier>
      <Extensions>ui</Extensions>
      <ParseFiles>false</ParseFiles>
    </Filter>
    <Filter Include="Form Files">
      <UniqueIdentifier>{99349809-55BA-4b9d-BF79-8FDBB0286EB3}</UniqueIdentifier>
      <Extensions>ui</Extensions>
      <ParseFiles>false</ParseFiles>
    </Filter>
    <Filter Include="Generated Files">
      <UniqueIdentifier>{71ED8ED8-ACB9-4CE9-BBE1-E00B30144E11}</UniqueIdentifier>
      <Extensions>cpp;c;cxx;moc;h;def;odl;idl;res;</Extensions>
    </Filter>
    <Filter Include="Generated Files">
      <UniqueIdentifier>{71ED8ED8-ACB9-4CE9-BBE1-E00B30144E11}</UniqueIdentifier>
      <Extensions>cpp;c;cxx;moc;h;def;odl;idl;res;</Extensions>
    </Filter>
    <Filter Include="Header Files">
      <UniqueIdentifier>{93995380-89BD-4b04-88EB-625FBE52EBFB}</UniqueIdentifier>
      <Extensions>h;hpp;hxx;hm;inl;inc;xsd</Extensions>
    </Filter>
    <Filter Include="Header Files">
      <UniqueIdentifier>{93995380-89BD-4b04-88EB-625FBE52EBFB}</UniqueIdentifier>
      <Extensions>h;hpp;hxx;hm;inl;inc;xsd</Extensions>
    </Filter>
    <Filter Include="Resource Files">
      <UniqueIdentifier>{D9D6E242-F8AF-46E4-B9FD-80ECBC20BA3E}</UniqueIdentifier>
      <Extensions>qrc;*</Extensions>
      <ParseFiles>false</ParseFiles>
    </Filter>
    <Filter Include="Resource Files">
      <UniqueIdentifier>{D9D6E242-F8AF-46E4-B9FD-80ECBC20BA3E}</UniqueIdentifier>
      <Extensions>qrc;*</Extensions>
      <ParseFiles>false</ParseFiles>
    </Filter>
    <Filter Include="Source Files">
      <UniqueIdentifier>{4FC737F1-C7A5-4376-A066-2A32D752A2FF}</UniqueIdentifier>
      <Extensions>cpp;c;cxx;def;odl;idl;hpj;bat;asm;asmx</Extensions>
    </Filter>
    <Filter Include="Source Files">
      <UniqueIdentifier>{4FC737F1-C7A5-4376-A066-2A32D752A2FF}</UniqueIdentifier>
      <Extensions>cpp;c;cxx;def;odl;idl;hpj;bat;asm;asmx</Extensions>
    </Filter>
  </ItemGroup>
  <ItemGroup>
    <ClCompile Include="InverseModeling\src\GA\Binary.cpp">
      <Filter>Source Files</Filter>
    </ClCompile>
    <ClCompile Include="Utilities\Distribution.cpp">
      <Filter>Source Files</Filter>
    </ClCompile>
    <ClCompile Include="InverseModeling\src\GA\DistributionNUnif.cpp">
      <Filter>Source Files</Filter>
    </ClCompile>
    <ClCompile Include="InverseModeling\src\GA\GADistribution.cpp">
      <Filter>Source Files</Filter>
    </ClCompile>
    <ClCompile Include="GASettingsDialog.cpp">
      <Filter>Source Files</Filter>
    </ClCompile>
    <ClCompile Include="GWA.cpp">
      <Filter>Source Files</Filter>
    </ClCompile>
    <ClCompile Include="IconListWidget.cpp">
      <Filter>Source Files</Filter>
    </ClCompile>
    <ClCompile Include="InverseModeling\src\GA\Individual.cpp">
      <Filter>Source Files</Filter>
    </ClCompile>
    <ClCompile Include="LIDconfig.cpp">
      <Filter>Source Files</Filter>
    </ClCompile>
    <ClCompile Include="MCMCSettingsDialog.cpp">
      <Filter>Source Files</Filter>
    </ClCompile>
    <ClCompile Include="Utilities\Matrix.cpp">
      <Filter>Source Files</Filter>
    </ClCompile>
    <ClCompile Include="Utilities\Matrix_arma.cpp">
      <Filter>Source Files</Filter>
    </ClCompile>
    <ClCompile Include="Utilities\NormalDist.cpp">
      <Filter>Source Files</Filter>
    </ClCompile>
    <ClCompile Include="ProgressWindow.cpp">
      <Filter>Source Files</Filter>
    </ClCompile>
    <ClCompile Include="Utilities\QuickSort.cpp">
      <Filter>Source Files</Filter>
    </ClCompile>
    <ClCompile Include="Tracer.cpp">
      <Filter>Source Files</Filter>
    </ClCompile>
    <ClCompile Include="Utilities\Utilities.cpp">
      <Filter>Source Files</Filter>
    </ClCompile>
    <ClCompile Include="Utilities\Vector.cpp">
      <Filter>Source Files</Filter>
    </ClCompile>
    <ClCompile Include="Utilities\Vector_arma.cpp">
      <Filter>Source Files</Filter>
    </ClCompile>
    <ClCompile Include="Well.cpp">
      <Filter>Source Files</Filter>
    </ClCompile>
    <ClCompile Include="chartviewer.cpp">
      <Filter>Source Files</Filter>
    </ClCompile>
    <ClCompile Include="chartwindow.cpp">
      <Filter>Source Files</Filter>
    </ClCompile>
    <ClCompile Include="constantortimeserieswidget.cpp">
      <Filter>Source Files</Filter>
    </ClCompile>
    <ClCompile Include="lmsettingsdialog.cpp">
      <Filter>Source Files</Filter>
    </ClCompile>
    <ClCompile Include="main_gui.cpp">
      <Filter>Source Files</Filter>
    </ClCompile>
    <ClCompile Include="mainwindow.cpp">
      <Filter>Source Files</Filter>
    </ClCompile>
    <ClCompile Include="mcmcsettingdialog.cpp">
      <Filter>Source Files</Filter>
    </ClCompile>
    <ClCompile Include="InverseModeling\observation.cpp">
      <Filter>Source Files</Filter>
    </ClCompile>
    <ClCompile Include="observationdialog.cpp">
      <Filter>Source Files</Filter>
    </ClCompile>
    <ClCompile Include="InverseModeling\parameter.cpp">
      <Filter>Source Files</Filter>
    </ClCompile>
    <ClCompile Include="InverseModeling\parameter_set.cpp">
      <Filter>Source Files</Filter>
    </ClCompile>
    <ClCompile Include="parameterdialog.cpp">
      <Filter>Source Files</Filter>
    </ClCompile>
    <ClCompile Include="parametervaluewidget.cpp">
      <Filter>Source Files</Filter>
    </ClCompile>
    <ClCompile Include="tracerdialog.cpp">
      <Filter>Source Files</Filter>
    </ClCompile>
    <ClCompile Include="valueorparameterwidget.cpp">
      <Filter>Source Files</Filter>
    </ClCompile>
    <ClCompile Include="welldialog.cpp">
      <Filter>Source Files</Filter>
    </ClCompile>
    <ClCompile Include="AboutDialog.cpp">
      <Filter>Generated Files</Filter>
    </ClCompile>
  </ItemGroup>
  <ItemGroup>
    <ClInclude Include="InverseModeling\include\GA\Binary.h">
      <Filter>Header Files</Filter>
    </ClInclude>
    <ClInclude Include="InverseModeling\include\GA\Distribution.h">
      <Filter>Header Files</Filter>
    </ClInclude>
    <ClInclude Include="Utilities\Distribution.h">
      <Filter>Header Files</Filter>
    </ClInclude>
    <ClInclude Include="InverseModeling\include\GA\DistributionNUnif.h">
      <Filter>Header Files</Filter>
    </ClInclude>
    <ClInclude Include="GA.h">
      <Filter>Header Files</Filter>
    </ClInclude>
    <ClInclude Include="InverseModeling\include\GA\GA.h">
      <Filter>Header Files</Filter>
    </ClInclude>
    <ClInclude Include="InverseModeling\include\GA\GA.hpp">
      <Filter>Header Files</Filter>
    </ClInclude>
    <QtMoc Include="GASettingsDialog.h">
      <Filter>Header Files</Filter>
    </QtMoc>
    <ClInclude Include="GWA.h">
      <Filter>Header Files</Filter>
    </ClInclude>
    <QtMoc Include="IconListWidget.h">
      <Filter>Header Files</Filter>
    </QtMoc>
    <ClInclude Include="InverseModeling\include\GA\Individual.h">
      <Filter>Header Files</Filter>
    </ClInclude>
    <ClInclude Include="InverseModeling\include\MCMC\MCMC.h">
      <Filter>Header Files</Filter>
    </ClInclude>
    <ClInclude Include="InverseModeling\include\MCMC\MCMC.hpp">
      <Filter>Header Files</Filter>
    </ClInclude>
    <QtMoc Include="MCMCSettingsDialog.h">
      <Filter>Header Files</Filter>
    </QtMoc>
    <ClInclude Include="Utilities\Matrix.h">
      <Filter>Header Files</Filter>
    </ClInclude>
    <ClInclude Include="Utilities\Matrix_arma.h">
      <Filter>Header Files</Filter>
    </ClInclude>
    <ClInclude Include="Utilities\NormalDist.h">
      <Filter>Header Files</Filter>
    </ClInclude>
    <QtMoc Include="ProgressWindow.h">
      <Filter>Header Files</Filter>
    </QtMoc>
    <ClInclude Include="Utilities\QuickSort.h">
      <Filter>Header Files</Filter>
    </ClInclude>
    <ClInclude Include="Utilities\TimeSeries.h">
      <Filter>Header Files</Filter>
    </ClInclude>
    <ClInclude Include="Utilities\TimeSeries.hpp">
      <Filter>Header Files</Filter>
    </ClInclude>
    <ClInclude Include="Utilities\TimeSeriesSet.h">
      <Filter>Header Files</Filter>
    </ClInclude>
    <ClInclude Include="Utilities\TimeSeriesSet.hpp">
      <Filter>Header Files</Filter>
    </ClInclude>
    <ClInclude Include="Tracer.h">
      <Filter>Header Files</Filter>
    </ClInclude>
    <ClInclude Include="Utilities\Vector.h">
      <Filter>Header Files</Filter>
    </ClInclude>
    <ClInclude Include="Utilities\Vector_arma.h">
      <Filter>Header Files</Filter>
    </ClInclude>
    <ClInclude Include="Well.h">
      <Filter>Header Files</Filter>
    </ClInclude>
    <QtMoc Include="chartviewer.h">
      <Filter>Header Files</Filter>
    </QtMoc>
    <QtMoc Include="chartwindow.h">
      <Filter>Header Files</Filter>
    </QtMoc>
    <QtMoc Include="constantortimeserieswidget.h">
      <Filter>Header Files</Filter>
    </QtMoc>
    <ClInclude Include="InverseModeling\levenbergmarquardt.h">
      <Filter>Header Files</Filter>
    </ClInclude>
    <ClInclude Include="InverseModeling\levenbergmarquardt.hpp">
      <Filter>Header Files</Filter>
    </ClInclude>
    <ClInclude Include="lmsettingsdialog.h">
      <Filter>Header Files</Filter>
    </ClInclude>
    <QtMoc Include="mainwindow.h">
      <Filter>Header Files</Filter>
    </QtMoc>
    <ClInclude Include="mcmcsettingdialog.h">
      <Filter>Header Files</Filter>
    </ClInclude>
    <ClInclude Include="InverseModeling\observation.h">
      <Filter>Header Files</Filter>
    </ClInclude>
    <QtMoc Include="observationdialog.h">
      <Filter>Header Files</Filter>
    </QtMoc>
    <ClInclude Include="InverseModeling\parameter.h">
      <Filter>Header Files</Filter>
    </ClInclude>
    <ClInclude Include="InverseModeling\parameter_set.h">
      <Filter>Header Files</Filter>
    </ClInclude>
    <QtMoc Include="parameterdialog.h">
      <Filter>Header Files</Filter>
    </QtMoc>
    <QtMoc Include="parametervaluewidget.h">
      <Filter>Header Files</Filter>
    </QtMoc>
    <QtMoc Include="tracerdialog.h">
      <Filter>Header Files</Filter>
    </QtMoc>
    <QtMoc Include="valueorparameterwidget.h">
      <Filter>Header Files</Filter>
    </QtMoc>
    <QtMoc Include="welldialog.h">
      <Filter>Header Files</Filter>
    </QtMoc>
  </ItemGroup>
  <ItemGroup>
    <CustomBuild Include="debug\moc_predefs.h.cbt">
      <Filter>Generated Files</Filter>
    </CustomBuild>
    <CustomBuild Include="release\moc_predefs.h.cbt">
      <Filter>Generated Files</Filter>
    </CustomBuild>
  </ItemGroup>
  <ItemGroup>
    <QtUic Include="mainwindow.ui">
      <Filter>Form Files</Filter>
    </QtUic>
  </ItemGroup>
  <ItemGroup>
    <None Include="resources\icons\distribution.png">
      <Filter>Resource Files</Filter>
    </None>
    <None Include="resources\icons\modeledvsmeasured.png">
      <Filter>Resource Files</Filter>
    </None>
    <None Include="resources\icons\observation.png">
      <Filter>Resource Files</Filter>
    </None>
    <None Include="resources\icons\observeddata.png">
      <Filter>Resource Files</Filter>
    </None>
    <None Include="resources\icons\parameter.png">
      <Filter>Resource Files</Filter>
    </None>
    <QtRcc Include="resources\resources.qrc">
      <Filter>Resource Files</Filter>
    </QtRcc>
    <None Include="resources\icons\tracer.png">
      <Filter>Resource Files</Filter>
    </None>
    <None Include="resources\icons\well.png">
      <Filter>Resource Files</Filter>
    </None>
  </ItemGroup>
  <ItemGroup>
    <QtMoc Include="AboutDialog.h">
      <Filter>Generated Files</Filter>
    </QtMoc>
  </ItemGroup>
  <ItemGroup>
    <Image Include="resources\icons\ChronoGW.png">
      <Filter>Resource Files</Filter>
    </Image>
  </ItemGroup>
</Project>